
Microsoft Visual Studio Solution File, Format Version 12.00
# Visual Studio Version 16
VisualStudioVersion = 16.0.31402.337
MinimumVisualStudioVersion = 10.0.40219.1
Project("{9A19103F-16F7-4668-BE54-9A1E7A4F7556}") = "CourseApi.Api", "CourseApi.Api\CourseApi.Api.csproj", "{EFE59720-B52E-43CD-BF77-501733C9C16B}"
EndProject
Global
	GlobalSection(SolutionConfigurationPlatforms) = preSolution
		Debug|Any CPU = Debug|Any CPU
		Release|Any CPU = Release|Any CPU
	EndGlobalSection
	GlobalSection(ProjectConfigurationPlatforms) = postSolution
		{EFE59720-B52E-43CD-BF77-501733C9C16B}.Debug|Any CPU.ActiveCfg = Debug|Any CPU
		{EFE59720-B52E-43CD-BF77-501733C9C16B}.Debug|Any CPU.Build.0 = Debug|Any CPU
		{EFE59720-B52E-43CD-BF77-501733C9C16B}.Release|Any CPU.ActiveCfg = Release|Any CPU
		{EFE59720-B52E-43CD-BF77-501733C9C16B}.Release|Any CPU.Build.0 = Release|Any CPU
	EndGlobalSection
	GlobalSection(SolutionProperties) = preSolution
		HideSolutionNode = FALSE
	EndGlobalSection
	GlobalSection(ExtensibilityGlobals) = postSolution
		SolutionGuid = {3096B6DD-67FE-4F7E-B69F-07B6863EE321}
	EndGlobalSection
EndGlobal
